<Solution>
  <Project Path="../../../Users/Oleg/source/repos/HumanLibrary/Person/HumanLibrary.csproj" />
  <Project Path="../../../Users/Oleg/source/repos/HumanLibrary/ShowCase/ShowCase.csproj" />
  <Project Path="HumanLibraryTest/HumanLibraryTest.csproj" Id="7e3d4fea-3327-48e3-9af1-a4dd9e6a8083" />
</Solution>
